
Microsoft Visual Studio Solution File, Format Version 12.00
# Visual Studio Version 16
VisualStudioVersion = 16.0.31313.79
MinimumVisualStudioVersion = 10.0.40219.1
Project("{FAE04EC0-301F-11D3-BF4B-00C04F79EFBC}") = "ConsoleApp5", "ConsoleApp5.csproj", "{200BFB4F-2DFE-4341-A14B-1941A9C7448B}"
EndProject
Global
	GlobalSection(SolutionConfigurationPlatforms) = preSolution
		Debug|Any CPU = Debug|Any CPU
		Release|Any CPU = Release|Any CPU
	EndGlobalSection
	GlobalSection(ProjectConfigurationPlatforms) = postSolution
		{200BFB4F-2DFE-4341-A14B-1941A9C7448B}.Debug|Any CPU.ActiveCfg = Debug|Any CPU
		{200BFB4F-2DFE-4341-A14B-1941A9C7448B}.Debug|Any CPU.Build.0 = Debug|Any CPU
		{200BFB4F-2DFE-4341-A14B-1941A9C7448B}.Release|Any CPU.ActiveCfg = Release|Any CPU
		{200BFB4F-2DFE-4341-A14B-1941A9C7448B}.Release|Any CPU.Build.0 = Release|Any CPU
	EndGlobalSection
	GlobalSection(SolutionProperties) = preSolution
		HideSolutionNode = FALSE
	EndGlobalSection
	GlobalSection(ExtensibilityGlobals) = postSolution
		SolutionGuid = {EDC50B87-7C06-4AC9-8CDE-21AC2023C754}
	EndGlobalSection
EndGlobal
